
Microsoft Visual Studio Solution File, Format Version 12.00
# Visual Studio Version 17
VisualStudioVersion = 17.0.31903.59
MinimumVisualStudioVersion = 10.0.40219.1
Project("{2150E333-8FDC-42A3-9474-1A3956D46DE8}") = "Domain", "Domain", "{996CEBED-A05B-5D42-3FF0-982E087A2599}"
EndProject
Project("{FAE04EC0-301F-11D3-BF4B-00C04F79EFBC}") = "SanatorioHMS.Domain.Auth", "Domain\SanatorioHMS.Domain.Auth\SanatorioHMS.Domain.Auth.csproj", "{E24D21B7-ED4F-4AA9-92F3-85D874EA0345}"
EndProject
Project("{FAE04EC0-301F-11D3-BF4B-00C04F79EFBC}") = "SanatorioHMS.Domain.ClinicalCare", "Domain\SanatorioHMS.Domain.ClinicalCare\SanatorioHMS.Domain.ClinicalCare.csproj", "{4B3FE460-E5E0-404F-A2B7-E5699560ADE9}"
EndProject
Project("{FAE04EC0-301F-11D3-BF4B-00C04F79EFBC}") = "SanatorioHMS.Domain.Core", "Domain\SanatorioHMS.Domain.Core\SanatorioHMS.Domain.Core.csproj", "{B3285A31-AD3B-488A-BFF2-01F2B54ACF21}"
EndProject
Project("{FAE04EC0-301F-11D3-BF4B-00C04F79EFBC}") = "SanatorioHMS.Domain.Diagnostics", "Domain\SanatorioHMS.Domain.Diagnostics\SanatorioHMS.Domain.Diagnostics.csproj", "{9BF071D5-BF5E-4CAA-9A41-EC9F8566C042}"
EndProject
Project("{FAE04EC0-301F-11D3-BF4B-00C04F79EFBC}") = "SanatorioHMS.Domain.PatientRegistry", "Domain\SanatorioHMS.Domain.PatientRegistry\SanatorioHMS.Domain.PatientRegistry.csproj", "{F290D83D-1F7E-41FB-9F1C-6AFB6A908C82}"
EndProject
Project("{FAE04EC0-301F-11D3-BF4B-00C04F79EFBC}") = "SanatorioHMS.Domain.Scheduling", "Domain\SanatorioHMS.Domain.Scheduling\SanatorioHMS.Domain.Scheduling.csproj", "{43059E46-A3D2-45B8-9E9A-F1CED8E277A7}"
EndProject
Project("{2150E333-8FDC-42A3-9474-1A3956D46DE8}") = "Application", "Application", "{A74F262E-BDE7-D5D2-89E9-785413424D0A}"
EndProject
Project("{FAE04EC0-301F-11D3-BF4B-00C04F79EFBC}") = "SanatorioHMS.Application.Auth", "Application\SanatorioHMS.Application.Auth\SanatorioHMS.Application.Auth.csproj", "{F33C5020-1853-4845-980E-A4B2E34E8D0A}"
EndProject
Project("{FAE04EC0-301F-11D3-BF4B-00C04F79EFBC}") = "SanatorioHMS.Application.ClinicalCare", "Application\SanatorioHMS.Application.ClinicalCare\SanatorioHMS.Application.ClinicalCare.csproj", "{45523A86-304D-45C0-A89C-248B473A397F}"
EndProject
Project("{FAE04EC0-301F-11D3-BF4B-00C04F79EFBC}") = "SanatorioHMS.Application.Core", "Application\SanatorioHMS.Application.Core\SanatorioHMS.Application.Core.csproj", "{FA6D9603-E908-4823-925E-6CFA2E31DC67}"
EndProject
Project("{FAE04EC0-301F-11D3-BF4B-00C04F79EFBC}") = "SanatorioHMS.Application.Diagnostics", "Application\SanatorioHMS.Application.Diagnostics\SanatorioHMS.Application.Diagnostics.csproj", "{B257208B-F382-469D-BFA5-5CE4069C55AD}"
EndProject
Project("{FAE04EC0-301F-11D3-BF4B-00C04F79EFBC}") = "SanatorioHMS.Application.PatientRegistry", "Application\SanatorioHMS.Application.PatientRegistry\SanatorioHMS.Application.PatientRegistry.csproj", "{A9BD5CE9-8DC2-48C0-B55E-CDB9F71F07B7}"
EndProject
Project("{FAE04EC0-301F-11D3-BF4B-00C04F79EFBC}") = "SanatorioHMS.Application.Scheduling", "Application\SanatorioHMS.Application.Scheduling\SanatorioHMS.Application.Scheduling.csproj", "{7B87D00F-F153-40FE-AF8D-DA5C9A8EE687}"
EndProject
Project("{2150E333-8FDC-42A3-9474-1A3956D46DE8}") = "Infrastructure", "Infrastructure", "{DFEE68D8-A7D0-1A41-506C-9B74AA9A7B7B}"
EndProject
Project("{FAE04EC0-301F-11D3-BF4B-00C04F79EFBC}") = "SanatorioHMS.Infrastructure.Core", "Infrastructure\SanatorioHMS.Infrastructure.Core\SanatorioHMS.Infrastructure.Core.csproj", "{D40E2018-2B9A-4426-9CA8-88467587FF31}"
EndProject
Project("{FAE04EC0-301F-11D3-BF4B-00C04F79EFBC}") = "SanatorioHMS.Infrastructure.Data", "Infrastructure\SanatorioHMS.Infrastructure.Data\SanatorioHMS.Infrastructure.Data.csproj", "{4D749F56-3229-43BA-B10F-19E182A26D3F}"
EndProject
Project("{FAE04EC0-301F-11D3-BF4B-00C04F79EFBC}") = "SanatorioHMS.Infrastructure.Identity", "Infrastructure\SanatorioHMS.Infrastructure.Identity\SanatorioHMS.Infrastructure.Identity.csproj", "{9000869F-4D1E-4E00-867F-3B05A3F8D63F}"
EndProject
Project("{2150E333-8FDC-42A3-9474-1A3956D46DE8}") = "Api", "Api", "{D82C56D6-B2CD-F611-9E31-04638F7EC30E}"
EndProject
Project("{FAE04EC0-301F-11D3-BF4B-00C04F79EFBC}") = "SanatorioHMS.Api.Client", "Api\SanatorioHMS.Api.Client\SanatorioHMS.Api.Client.csproj", "{81D463EA-2BAB-4D98-813A-ACEF0977C35F}"
EndProject
Project("{FAE04EC0-301F-11D3-BF4B-00C04F79EFBC}") = "SanatorioHMS.Api", "Api\SanatorioHMS.Api\SanatorioHMS.Api.csproj", "{6AB34EE2-2D6D-4D5C-B117-497EF2A1E193}"
EndProject
Project("{2150E333-8FDC-42A3-9474-1A3956D46DE8}") = "Presentation", "Presentation", "{06CFFD70-14AA-A959-A3BA-1B15D094E3B1}"
EndProject
Project("{FAE04EC0-301F-11D3-BF4B-00C04F79EFBC}") = "SanatorioHMS.Desktop", "Presentation\SanatorioHMS.Desktop\SanatorioHMS.Desktop.csproj", "{D3AE48F0-8C81-48A5-83ED-F7D0D716974B}"
EndProject
Project("{FAE04EC0-301F-11D3-BF4B-00C04F79EFBC}") = "SanatorioHMS.Web", "Presentation\SanatorioHMS.Web\SanatorioHMS.Web.csproj", "{23B0FFFB-8D8D-4AE2-B216-EC30AD7685B3}"
EndProject
Project("{FAE04EC0-301F-11D3-BF4B-00C04F79EFBC}") = "SanatorioHMS.IntegrationTests", "..\tests\SanatorioHMS.IntegrationTests\SanatorioHMS.IntegrationTests.csproj", "{CDCC2CE1-7056-4662-A7D2-9E0E2381071D}"
EndProject
Project("{FAE04EC0-301F-11D3-BF4B-00C04F79EFBC}") = "SanatorioHMS.UnitTests", "..\tests\SanatorioHMS.UnitTests\SanatorioHMS.UnitTests.csproj", "{B663C0F2-6D46-4164-B7A0-7F51AD6D4816}"
EndProject
Project("{FAE04EC0-301F-11D3-BF4B-00C04F79EFBC}") = "SanatorioHMS.Application.Tests", "..\tests\SanatorioHMS.Application.Tests\SanatorioHMS.Application.Tests.csproj", "{472218E9-D0B3-4E22-B504-7C7629BFE377}"
EndProject
Project("{FAE04EC0-301F-11D3-BF4B-00C04F79EFBC}") = "SanatorioHMS.Api.Tests", "..\tests\SanatorioHMS.Api.Tests\SanatorioHMS.Api.Tests.csproj", "{470FE3D1-162E-4CDE-8FB1-82FD5043068D}"
EndProject
Project("{FAE04EC0-301F-11D3-BF4B-00C04F79EFBC}") = "SanatorioHMS.Desktop.Tests", "..\tests\SanatorioHMS.Desktop.Tests\SanatorioHMS.Desktop.Tests.csproj", "{89FE8175-2797-44E3-A640-85F02F64E628}"
EndProject
Project("{FAE04EC0-301F-11D3-BF4B-00C04F79EFBC}") = "SanatorioHMS.Infrastructure.Tests", "..\tests\SanatorioHMS.Infrastructure.Tests\SanatorioHMS.Infrastructure.Tests.csproj", "{001C271D-9897-4A58-8398-84CAC1BE0ADB}"
EndProject
Global
	GlobalSection(SolutionConfigurationPlatforms) = preSolution
		Debug|Any CPU = Debug|Any CPU
		Debug|x64 = Debug|x64
		Debug|x86 = Debug|x86
		Release|Any CPU = Release|Any CPU
		Release|x64 = Release|x64
		Release|x86 = Release|x86
	EndGlobalSection
	GlobalSection(ProjectConfigurationPlatforms) = postSolution
		{E24D21B7-ED4F-4AA9-92F3-85D874EA0345}.Debug|Any CPU.ActiveCfg = Debug|Any CPU
		{E24D21B7-ED4F-4AA9-92F3-85D874EA0345}.Debug|Any CPU.Build.0 = Debug|Any CPU
		{E24D21B7-ED4F-4AA9-92F3-85D874EA0345}.Debug|x64.ActiveCfg = Debug|Any CPU
		{E24D21B7-ED4F-4AA9-92F3-85D874EA0345}.Debug|x64.Build.0 = Debug|Any CPU
		{E24D21B7-ED4F-4AA9-92F3-85D874EA0345}.Debug|x86.ActiveCfg = Debug|Any CPU
		{E24D21B7-ED4F-4AA9-92F3-85D874EA0345}.Debug|x86.Build.0 = Debug|Any CPU
		{E24D21B7-ED4F-4AA9-92F3-85D874EA0345}.Release|Any CPU.ActiveCfg = Release|Any CPU
		{E24D21B7-ED4F-4AA9-92F3-85D874EA0345}.Release|Any CPU.Build.0 = Release|Any CPU
		{E24D21B7-ED4F-4AA9-92F3-85D874EA0345}.Release|x64.ActiveCfg = Release|Any CPU
		{E24D21B7-ED4F-4AA9-92F3-85D874EA0345}.Release|x64.Build.0 = Release|Any CPU
		{E24D21B7-ED4F-4AA9-92F3-85D874EA0345}.Release|x86.ActiveCfg = Release|Any CPU
		{E24D21B7-ED4F-4AA9-92F3-85D874EA0345}.Release|x86.Build.0 = Release|Any CPU
		{4B3FE460-E5E0-404F-A2B7-E5699560ADE9}.Debug|Any CPU.ActiveCfg = Debug|Any CPU
		{4B3FE460-E5E0-404F-A2B7-E5699560ADE9}.Debug|Any CPU.Build.0 = Debug|Any CPU
		{4B3FE460-E5E0-404F-A2B7-E5699560ADE9}.Debug|x64.ActiveCfg = Debug|Any CPU
		{4B3FE460-E5E0-404F-A2B7-E5699560ADE9}.Debug|x64.Build.0 = Debug|Any CPU
		{4B3FE460-E5E0-404F-A2B7-E5699560ADE9}.Debug|x86.ActiveCfg = Debug|Any CPU
		{4B3FE460-E5E0-404F-A2B7-E5699560ADE9}.Debug|x86.Build.0 = Debug|Any CPU
		{4B3FE460-E5E0-404F-A2B7-E5699560ADE9}.Release|Any CPU.ActiveCfg = Release|Any CPU
		{4B3FE460-E5E0-404F-A2B7-E5699560ADE9}.Release|Any CPU.Build.0 = Release|Any CPU
		{4B3FE460-E5E0-404F-A2B7-E5699560ADE9}.Release|x64.ActiveCfg = Release|Any CPU
		{4B3FE460-E5E0-404F-A2B7-E5699560ADE9}.Release|x64.Build.0 = Release|Any CPU
		{4B3FE460-E5E0-404F-A2B7-E5699560ADE9}.Release|x86.ActiveCfg = Release|Any CPU
		{4B3FE460-E5E0-404F-A2B7-E5699560ADE9}.Release|x86.Build.0 = Release|Any CPU
		{B3285A31-AD3B-488A-BFF2-01F2B54ACF21}.Debug|Any CPU.ActiveCfg = Debug|Any CPU
		{B3285A31-AD3B-488A-BFF2-01F2B54ACF21}.Debug|Any CPU.Build.0 = Debug|Any CPU
		{B3285A31-AD3B-488A-BFF2-01F2B54ACF21}.Debug|x64.ActiveCfg = Debug|Any CPU
		{B3285A31-AD3B-488A-BFF2-01F2B54ACF21}.Debug|x64.Build.0 = Debug|Any CPU
		{B3285A31-AD3B-488A-BFF2-01F2B54ACF21}.Debug|x86.ActiveCfg = Debug|Any CPU
		{B3285A31-AD3B-488A-BFF2-01F2B54ACF21}.Debug|x86.Build.0 = Debug|Any CPU
		{B3285A31-AD3B-488A-BFF2-01F2B54ACF21}.Release|Any CPU.ActiveCfg = Release|Any CPU
		{B3285A31-AD3B-488A-BFF2-01F2B54ACF21}.Release|Any CPU.Build.0 = Release|Any CPU
		{B3285A31-AD3B-488A-BFF2-01F2B54ACF21}.Release|x64.ActiveCfg = Release|Any CPU
		{B3285A31-AD3B-488A-BFF2-01F2B54ACF21}.Release|x64.Build.0 = Release|Any CPU
		{B3285A31-AD3B-488A-BFF2-01F2B54ACF21}.Release|x86.ActiveCfg = Release|Any CPU
		{B3285A31-AD3B-488A-BFF2-01F2B54ACF21}.Release|x86.Build.0 = Release|Any CPU
		{9BF071D5-BF5E-4CAA-9A41-EC9F8566C042}.Debug|Any CPU.ActiveCfg = Debug|Any CPU
		{9BF071D5-BF5E-4CAA-9A41-EC9F8566C042}.Debug|Any CPU.Build.0 = Debug|Any CPU
		{9BF071D5-BF5E-4CAA-9A41-EC9F8566C042}.Debug|x64.ActiveCfg = Debug|Any CPU
		{9BF071D5-BF5E-4CAA-9A41-EC9F8566C042}.Debug|x64.Build.0 = Debug|Any CPU
		{9BF071D5-BF5E-4CAA-9A41-EC9F8566C042}.Debug|x86.ActiveCfg = Debug|Any CPU
		{9BF071D5-BF5E-4CAA-9A41-EC9F8566C042}.Debug|x86.Build.0 = Debug|Any CPU
		{9BF071D5-BF5E-4CAA-9A41-EC9F8566C042}.Release|Any CPU.ActiveCfg = Release|Any CPU
		{9BF071D5-BF5E-4CAA-9A41-EC9F8566C042}.Release|Any CPU.Build.0 = Release|Any CPU
		{9BF071D5-BF5E-4CAA-9A41-EC9F8566C042}.Release|x64.ActiveCfg = Release|Any CPU
		{9BF071D5-BF5E-4CAA-9A41-EC9F8566C042}.Release|x64.Build.0 = Release|Any CPU
		{9BF071D5-BF5E-4CAA-9A41-EC9F8566C042}.Release|x86.ActiveCfg = Release|Any CPU
		{9BF071D5-BF5E-4CAA-9A41-EC9F8566C042}.Release|x86.Build.0 = Release|Any CPU
		{F290D83D-1F7E-41FB-9F1C-6AFB6A908C82}.Debug|Any CPU.ActiveCfg = Debug|Any CPU
		{F290D83D-1F7E-41FB-9F1C-6AFB6A908C82}.Debug|Any CPU.Build.0 = Debug|Any CPU
		{F290D83D-1F7E-41FB-9F1C-6AFB6A908C82}.Debug|x64.ActiveCfg = Debug|Any CPU
		{F290D83D-1F7E-41FB-9F1C-6AFB6A908C82}.Debug|x64.Build.0 = Debug|Any CPU
		{F290D83D-1F7E-41FB-9F1C-6AFB6A908C82}.Debug|x86.ActiveCfg = Debug|Any CPU
		{F290D83D-1F7E-41FB-9F1C-6AFB6A908C82}.Debug|x86.Build.0 = Debug|Any CPU
		{F290D83D-1F7E-41FB-9F1C-6AFB6A908C82}.Release|Any CPU.ActiveCfg = Release|Any CPU
		{F290D83D-1F7E-41FB-9F1C-6AFB6A908C82}.Release|Any CPU.Build.0 = Release|Any CPU
		{F290D83D-1F7E-41FB-9F1C-6AFB6A908C82}.Release|x64.ActiveCfg = Release|Any CPU
		{F290D83D-1F7E-41FB-9F1C-6AFB6A908C82}.Release|x64.Build.0 = Release|Any CPU
		{F290D83D-1F7E-41FB-9F1C-6AFB6A908C82}.Release|x86.ActiveCfg = Release|Any CPU
		{F290D83D-1F7E-41FB-9F1C-6AFB6A908C82}.Release|x86.Build.0 = Release|Any CPU
		{43059E46-A3D2-45B8-9E9A-F1CED8E277A7}.Debug|Any CPU.ActiveCfg = Debug|Any CPU
		{43059E46-A3D2-45B8-9E9A-F1CED8E277A7}.Debug|Any CPU.Build.0 = Debug|Any CPU
		{43059E46-A3D2-45B8-9E9A-F1CED8E277A7}.Debug|x64.ActiveCfg = Debug|Any CPU
		{43059E46-A3D2-45B8-9E9A-F1CED8E277A7}.Debug|x64.Build.0 = Debug|Any CPU
		{43059E46-A3D2-45B8-9E9A-F1CED8E277A7}.Debug|x86.ActiveCfg = Debug|Any CPU
		{43059E46-A3D2-45B8-9E9A-F1CED8E277A7}.Debug|x86.Build.0 = Debug|Any CPU
		{43059E46-A3D2-45B8-9E9A-F1CED8E277A7}.Release|Any CPU.ActiveCfg = Release|Any CPU
		{43059E46-A3D2-45B8-9E9A-F1CED8E277A7}.Release|Any CPU.Build.0 = Release|Any CPU
		{43059E46-A3D2-45B8-9E9A-F1CED8E277A7}.Release|x64.ActiveCfg = Release|Any CPU
		{43059E46-A3D2-45B8-9E9A-F1CED8E277A7}.Release|x64.Build.0 = Release|Any CPU
		{43059E46-A3D2-45B8-9E9A-F1CED8E277A7}.Release|x86.ActiveCfg = Release|Any CPU
		{43059E46-A3D2-45B8-9E9A-F1CED8E277A7}.Release|x86.Build.0 = Release|Any CPU
		{F33C5020-1853-4845-980E-A4B2E34E8D0A}.Debug|Any CPU.ActiveCfg = Debug|Any CPU
		{F33C5020-1853-4845-980E-A4B2E34E8D0A}.Debug|Any CPU.Build.0 = Debug|Any CPU
		{F33C5020-1853-4845-980E-A4B2E34E8D0A}.Debug|x64.ActiveCfg = Debug|Any CPU
		{F33C5020-1853-4845-980E-A4B2E34E8D0A}.Debug|x64.Build.0 = Debug|Any CPU
		{F33C5020-1853-4845-980E-A4B2E34E8D0A}.Debug|x86.ActiveCfg = Debug|Any CPU
		{F33C5020-1853-4845-980E-A4B2E34E8D0A}.Debug|x86.Build.0 = Debug|Any CPU
		{F33C5020-1853-4845-980E-A4B2E34E8D0A}.Release|Any CPU.ActiveCfg = Release|Any CPU
		{F33C5020-1853-4845-980E-A4B2E34E8D0A}.Release|Any CPU.Build.0 = Release|Any CPU
		{F33C5020-1853-4845-980E-A4B2E34E8D0A}.Release|x64.ActiveCfg = Release|Any CPU
		{F33C5020-1853-4845-980E-A4B2E34E8D0A}.Release|x64.Build.0 = Release|Any CPU
		{F33C5020-1853-4845-980E-A4B2E34E8D0A}.Release|x86.ActiveCfg = Release|Any CPU
		{F33C5020-1853-4845-980E-A4B2E34E8D0A}.Release|x86.Build.0 = Release|Any CPU
		{45523A86-304D-45C0-A89C-248B473A397F}.Debug|Any CPU.ActiveCfg = Debug|Any CPU
		{45523A86-304D-45C0-A89C-248B473A397F}.Debug|Any CPU.Build.0 = Debug|Any CPU
		{45523A86-304D-45C0-A89C-248B473A397F}.Debug|x64.ActiveCfg = Debug|Any CPU
		{45523A86-304D-45C0-A89C-248B473A397F}.Debug|x64.Build.0 = Debug|Any CPU
		{45523A86-304D-45C0-A89C-248B473A397F}.Debug|x86.ActiveCfg = Debug|Any CPU
		{45523A86-304D-45C0-A89C-248B473A397F}.Debug|x86.Build.0 = Debug|Any CPU
		{45523A86-304D-45C0-A89C-248B473A397F}.Release|Any CPU.ActiveCfg = Release|Any CPU
		{45523A86-304D-45C0-A89C-248B473A397F}.Release|Any CPU.Build.0 = Release|Any CPU
		{45523A86-304D-45C0-A89C-248B473A397F}.Release|x64.ActiveCfg = Release|Any CPU
		{45523A86-304D-45C0-A89C-248B473A397F}.Release|x64.Build.0 = Release|Any CPU
		{45523A86-304D-45C0-A89C-248B473A397F}.Release|x86.ActiveCfg = Release|Any CPU
		{45523A86-304D-45C0-A89C-248B473A397F}.Release|x86.Build.0 = Release|Any CPU
		{FA6D9603-E908-4823-925E-6CFA2E31DC67}.Debug|Any CPU.ActiveCfg = Debug|Any CPU
		{FA6D9603-E908-4823-925E-6CFA2E31DC67}.Debug|Any CPU.Build.0 = Debug|Any CPU
		{FA6D9603-E908-4823-925E-6CFA2E31DC67}.Debug|x64.ActiveCfg = Debug|Any CPU
		{FA6D9603-E908-4823-925E-6CFA2E31DC67}.Debug|x64.Build.0 = Debug|Any CPU
		{FA6D9603-E908-4823-925E-6CFA2E31DC67}.Debug|x86.ActiveCfg = Debug|Any CPU
		{FA6D9603-E908-4823-925E-6CFA2E31DC67}.Debug|x86.Build.0 = Debug|Any CPU
		{FA6D9603-E908-4823-925E-6CFA2E31DC67}.Release|Any CPU.ActiveCfg = Release|Any CPU
		{FA6D9603-E908-4823-925E-6CFA2E31DC67}.Release|Any CPU.Build.0 = Release|Any CPU
		{FA6D9603-E908-4823-925E-6CFA2E31DC67}.Release|x64.ActiveCfg = Release|Any CPU
		{FA6D9603-E908-4823-925E-6CFA2E31DC67}.Release|x64.Build.0 = Release|Any CPU
		{FA6D9603-E908-4823-925E-6CFA2E31DC67}.Release|x86.ActiveCfg = Release|Any CPU
		{FA6D9603-E908-4823-925E-6CFA2E31DC67}.Release|x86.Build.0 = Release|Any CPU
		{B257208B-F382-469D-BFA5-5CE4069C55AD}.Debug|Any CPU.ActiveCfg = Debug|Any CPU
		{B257208B-F382-469D-BFA5-5CE4069C55AD}.Debug|Any CPU.Build.0 = Debug|Any CPU
		{B257208B-F382-469D-BFA5-5CE4069C55AD}.Debug|x64.ActiveCfg = Debug|Any CPU
		{B257208B-F382-469D-BFA5-5CE4069C55AD}.Debug|x64.Build.0 = Debug|Any CPU
		{B257208B-F382-469D-BFA5-5CE4069C55AD}.Debug|x86.ActiveCfg = Debug|Any CPU
		{B257208B-F382-469D-BFA5-5CE4069C55AD}.Debug|x86.Build.0 = Debug|Any CPU
		{B257208B-F382-469D-BFA5-5CE4069C55AD}.Release|Any CPU.ActiveCfg = Release|Any CPU
		{B257208B-F382-469D-BFA5-5CE4069C55AD}.Release|Any CPU.Build.0 = Release|Any CPU
		{B257208B-F382-469D-BFA5-5CE4069C55AD}.Release|x64.ActiveCfg = Release|Any CPU
		{B257208B-F382-469D-BFA5-5CE4069C55AD}.Release|x64.Build.0 = Release|Any CPU
		{B257208B-F382-469D-BFA5-5CE4069C55AD}.Release|x86.ActiveCfg = Release|Any CPU
		{B257208B-F382-469D-BFA5-5CE4069C55AD}.Release|x86.Build.0 = Release|Any CPU
		{A9BD5CE9-8DC2-48C0-B55E-CDB9F71F07B7}.Debug|Any CPU.ActiveCfg = Debug|Any CPU
		{A9BD5CE9-8DC2-48C0-B55E-CDB9F71F07B7}.Debug|Any CPU.Build.0 = Debug|Any CPU
		{A9BD5CE9-8DC2-48C0-B55E-CDB9F71F07B7}.Debug|x64.ActiveCfg = Debug|Any CPU
		{A9BD5CE9-8DC2-48C0-B55E-CDB9F71F07B7}.Debug|x64.Build.0 = Debug|Any CPU
		{A9BD5CE9-8DC2-48C0-B55E-CDB9F71F07B7}.Debug|x86.ActiveCfg = Debug|Any CPU
		{A9BD5CE9-8DC2-48C0-B55E-CDB9F71F07B7}.Debug|x86.Build.0 = Debug|Any CPU
		{A9BD5CE9-8DC2-48C0-B55E-CDB9F71F07B7}.Release|Any CPU.ActiveCfg = Release|Any CPU
		{A9BD5CE9-8DC2-48C0-B55E-CDB9F71F07B7}.Release|Any CPU.Build.0 = Release|Any CPU
		{A9BD5CE9-8DC2-48C0-B55E-CDB9F71F07B7}.Release|x64.ActiveCfg = Release|Any CPU
		{A9BD5CE9-8DC2-48C0-B55E-CDB9F71F07B7}.Release|x64.Build.0 = Release|Any CPU
		{A9BD5CE9-8DC2-48C0-B55E-CDB9F71F07B7}.Release|x86.ActiveCfg = Release|Any CPU
		{A9BD5CE9-8DC2-48C0-B55E-CDB9F71F07B7}.Release|x86.Build.0 = Release|Any CPU
		{7B87D00F-F153-40FE-AF8D-DA5C9A8EE687}.Debug|Any CPU.ActiveCfg = Debug|Any CPU
		{7B87D00F-F153-40FE-AF8D-DA5C9A8EE687}.Debug|Any CPU.Build.0 = Debug|Any CPU
		{7B87D00F-F153-40FE-AF8D-DA5C9A8EE687}.Debug|x64.ActiveCfg = Debug|Any CPU
		{7B87D00F-F153-40FE-AF8D-DA5C9A8EE687}.Debug|x64.Build.0 = Debug|Any CPU
		{7B87D00F-F153-40FE-AF8D-DA5C9A8EE687}.Debug|x86.ActiveCfg = Debug|Any CPU
		{7B87D00F-F153-40FE-AF8D-DA5C9A8EE687}.Debug|x86.Build.0 = Debug|Any CPU
		{7B87D00F-F153-40FE-AF8D-DA5C9A8EE687}.Release|Any CPU.ActiveCfg = Release|Any CPU
		{7B87D00F-F153-40FE-AF8D-DA5C9A8EE687}.Release|Any CPU.Build.0 = Release|Any CPU
		{7B87D00F-F153-40FE-AF8D-DA5C9A8EE687}.Release|x64.ActiveCfg = Release|Any CPU
		{7B87D00F-F153-40FE-AF8D-DA5C9A8EE687}.Release|x64.Build.0 = Release|Any CPU
		{7B87D00F-F153-40FE-AF8D-DA5C9A8EE687}.Release|x86.ActiveCfg = Release|Any CPU
		{7B87D00F-F153-40FE-AF8D-DA5C9A8EE687}.Release|x86.Build.0 = Release|Any CPU
		{D40E2018-2B9A-4426-9CA8-88467587FF31}.Debug|Any CPU.ActiveCfg = Debug|Any CPU
		{D40E2018-2B9A-4426-9CA8-88467587FF31}.Debug|Any CPU.Build.0 = Debug|Any CPU
		{D40E2018-2B9A-4426-9CA8-88467587FF31}.Debug|x64.ActiveCfg = Debug|Any CPU
		{D40E2018-2B9A-4426-9CA8-88467587FF31}.Debug|x64.Build.0 = Debug|Any CPU
		{D40E2018-2B9A-4426-9CA8-88467587FF31}.Debug|x86.ActiveCfg = Debug|Any CPU
		{D40E2018-2B9A-4426-9CA8-88467587FF31}.Debug|x86.Build.0 = Debug|Any CPU
		{D40E2018-2B9A-4426-9CA8-88467587FF31}.Release|Any CPU.ActiveCfg = Release|Any CPU
		{D40E2018-2B9A-4426-9CA8-88467587FF31}.Release|Any CPU.Build.0 = Release|Any CPU
		{D40E2018-2B9A-4426-9CA8-88467587FF31}.Release|x64.ActiveCfg = Release|Any CPU
		{D40E2018-2B9A-4426-9CA8-88467587FF31}.Release|x64.Build.0 = Release|Any CPU
		{D40E2018-2B9A-4426-9CA8-88467587FF31}.Release|x86.ActiveCfg = Release|Any CPU
		{D40E2018-2B9A-4426-9CA8-88467587FF31}.Release|x86.Build.0 = Release|Any CPU
		{4D749F56-3229-43BA-B10F-19E182A26D3F}.Debug|Any CPU.ActiveCfg = Debug|Any CPU
		{4D749F56-3229-43BA-B10F-19E182A26D3F}.Debug|Any CPU.Build.0 = Debug|Any CPU
		{4D749F56-3229-43BA-B10F-19E182A26D3F}.Debug|x64.ActiveCfg = Debug|Any CPU
		{4D749F56-3229-43BA-B10F-19E182A26D3F}.Debug|x64.Build.0 = Debug|Any CPU
		{4D749F56-3229-43BA-B10F-19E182A26D3F}.Debug|x86.ActiveCfg = Debug|Any CPU
		{4D749F56-3229-43BA-B10F-19E182A26D3F}.Debug|x86.Build.0 = Debug|Any CPU
		{4D749F56-3229-43BA-B10F-19E182A26D3F}.Release|Any CPU.ActiveCfg = Release|Any CPU
		{4D749F56-3229-43BA-B10F-19E182A26D3F}.Release|Any CPU.Build.0 = Release|Any CPU
		{4D749F56-3229-43BA-B10F-19E182A26D3F}.Release|x64.ActiveCfg = Release|Any CPU
		{4D749F56-3229-43BA-B10F-19E182A26D3F}.Release|x64.Build.0 = Release|Any CPU
		{4D749F56-3229-43BA-B10F-19E182A26D3F}.Release|x86.ActiveCfg = Release|Any CPU
		{4D749F56-3229-43BA-B10F-19E182A26D3F}.Release|x86.Build.0 = Release|Any CPU
		{9000869F-4D1E-4E00-867F-3B05A3F8D63F}.Debug|Any CPU.ActiveCfg = Debug|Any CPU
		{9000869F-4D1E-4E00-867F-3B05A3F8D63F}.Debug|Any CPU.Build.0 = Debug|Any CPU
		{9000869F-4D1E-4E00-867F-3B05A3F8D63F}.Debug|x64.ActiveCfg = Debug|Any CPU
		{9000869F-4D1E-4E00-867F-3B05A3F8D63F}.Debug|x64.Build.0 = Debug|Any CPU
		{9000869F-4D1E-4E00-867F-3B05A3F8D63F}.Debug|x86.ActiveCfg = Debug|Any CPU
		{9000869F-4D1E-4E00-867F-3B05A3F8D63F}.Debug|x86.Build.0 = Debug|Any CPU
		{9000869F-4D1E-4E00-867F-3B05A3F8D63F}.Release|Any CPU.ActiveCfg = Release|Any CPU
		{9000869F-4D1E-4E00-867F-3B05A3F8D63F}.Release|Any CPU.Build.0 = Release|Any CPU
		{9000869F-4D1E-4E00-867F-3B05A3F8D63F}.Release|x64.ActiveCfg = Release|Any CPU
		{9000869F-4D1E-4E00-867F-3B05A3F8D63F}.Release|x64.Build.0 = Release|Any CPU
		{9000869F-4D1E-4E00-867F-3B05A3F8D63F}.Release|x86.ActiveCfg = Release|Any CPU
		{9000869F-4D1E-4E00-867F-3B05A3F8D63F}.Release|x86.Build.0 = Release|Any CPU
		{81D463EA-2BAB-4D98-813A-ACEF0977C35F}.Debug|Any CPU.ActiveCfg = Debug|Any CPU
		{81D463EA-2BAB-4D98-813A-ACEF0977C35F}.Debug|Any CPU.Build.0 = Debug|Any CPU
		{81D463EA-2BAB-4D98-813A-ACEF0977C35F}.Debug|x64.ActiveCfg = Debug|Any CPU
		{81D463EA-2BAB-4D98-813A-ACEF0977C35F}.Debug|x64.Build.0 = Debug|Any CPU
		{81D463EA-2BAB-4D98-813A-ACEF0977C35F}.Debug|x86.ActiveCfg = Debug|Any CPU
		{81D463EA-2BAB-4D98-813A-ACEF0977C35F}.Debug|x86.Build.0 = Debug|Any CPU
		{81D463EA-2BAB-4D98-813A-ACEF0977C35F}.Release|Any CPU.ActiveCfg = Release|Any CPU
		{81D463EA-2BAB-4D98-813A-ACEF0977C35F}.Release|Any CPU.Build.0 = Release|Any CPU
		{81D463EA-2BAB-4D98-813A-ACEF0977C35F}.Release|x64.ActiveCfg = Release|Any CPU
		{81D463EA-2BAB-4D98-813A-ACEF0977C35F}.Release|x64.Build.0 = Release|Any CPU
		{81D463EA-2BAB-4D98-813A-ACEF0977C35F}.Release|x86.ActiveCfg = Release|Any CPU
		{81D463EA-2BAB-4D98-813A-ACEF0977C35F}.Release|x86.Build.0 = Release|Any CPU
		{6AB34EE2-2D6D-4D5C-B117-497EF2A1E193}.Debug|Any CPU.ActiveCfg = Debug|Any CPU
		{6AB34EE2-2D6D-4D5C-B117-497EF2A1E193}.Debug|Any CPU.Build.0 = Debug|Any CPU
		{6AB34EE2-2D6D-4D5C-B117-497EF2A1E193}.Debug|x64.ActiveCfg = Debug|Any CPU
		{6AB34EE2-2D6D-4D5C-B117-497EF2A1E193}.Debug|x64.Build.0 = Debug|Any CPU
		{6AB34EE2-2D6D-4D5C-B117-497EF2A1E193}.Debug|x86.ActiveCfg = Debug|Any CPU
		{6AB34EE2-2D6D-4D5C-B117-497EF2A1E193}.Debug|x86.Build.0 = Debug|Any CPU
		{6AB34EE2-2D6D-4D5C-B117-497EF2A1E193}.Release|Any CPU.ActiveCfg = Release|Any CPU
		{6AB34EE2-2D6D-4D5C-B117-497EF2A1E193}.Release|Any CPU.Build.0 = Release|Any CPU
		{6AB34EE2-2D6D-4D5C-B117-497EF2A1E193}.Release|x64.ActiveCfg = Release|Any CPU
		{6AB34EE2-2D6D-4D5C-B117-497EF2A1E193}.Release|x64.Build.0 = Release|Any CPU
		{6AB34EE2-2D6D-4D5C-B117-497EF2A1E193}.Release|x86.ActiveCfg = Release|Any CPU
		{6AB34EE2-2D6D-4D5C-B117-497EF2A1E193}.Release|x86.Build.0 = Release|Any CPU
		{D3AE48F0-8C81-48A5-83ED-F7D0D716974B}.Debug|Any CPU.ActiveCfg = Debug|Any CPU
		{D3AE48F0-8C81-48A5-83ED-F7D0D716974B}.Debug|Any CPU.Build.0 = Debug|Any CPU
		{D3AE48F0-8C81-48A5-83ED-F7D0D716974B}.Debug|x64.ActiveCfg = Debug|Any CPU
		{D3AE48F0-8C81-48A5-83ED-F7D0D716974B}.Debug|x64.Build.0 = Debug|Any CPU
		{D3AE48F0-8C81-48A5-83ED-F7D0D716974B}.Debug|x86.ActiveCfg = Debug|Any CPU
		{D3AE48F0-8C81-48A5-83ED-F7D0D716974B}.Debug|x86.Build.0 = Debug|Any CPU
		{D3AE48F0-8C81-48A5-83ED-F7D0D716974B}.Release|Any CPU.ActiveCfg = Release|Any CPU
		{D3AE48F0-8C81-48A5-83ED-F7D0D716974B}.Release|Any CPU.Build.0 = Release|Any CPU
		{D3AE48F0-8C81-48A5-83ED-F7D0D716974B}.Release|x64.ActiveCfg = Release|Any CPU
		{D3AE48F0-8C81-48A5-83ED-F7D0D716974B}.Release|x64.Build.0 = Release|Any CPU
		{D3AE48F0-8C81-48A5-83ED-F7D0D716974B}.Release|x86.ActiveCfg = Release|Any CPU
		{D3AE48F0-8C81-48A5-83ED-F7D0D716974B}.Release|x86.Build.0 = Release|Any CPU
		{23B0FFFB-8D8D-4AE2-B216-EC30AD7685B3}.Debug|Any CPU.ActiveCfg = Debug|Any CPU
		{23B0FFFB-8D8D-4AE2-B216-EC30AD7685B3}.Debug|Any CPU.Build.0 = Debug|Any CPU
		{23B0FFFB-8D8D-4AE2-B216-EC30AD7685B3}.Debug|x64.ActiveCfg = Debug|Any CPU
		{23B0FFFB-8D8D-4AE2-B216-EC30AD7685B3}.Debug|x64.Build.0 = Debug|Any CPU
		{23B0FFFB-8D8D-4AE2-B216-EC30AD7685B3}.Debug|x86.ActiveCfg = Debug|Any CPU
		{23B0FFFB-8D8D-4AE2-B216-EC30AD7685B3}.Debug|x86.Build.0 = Debug|Any CPU
		{23B0FFFB-8D8D-4AE2-B216-EC30AD7685B3}.Release|Any CPU.ActiveCfg = Release|Any CPU
		{23B0FFFB-8D8D-4AE2-B216-EC30AD7685B3}.Release|Any CPU.Build.0 = Release|Any CPU
		{23B0FFFB-8D8D-4AE2-B216-EC30AD7685B3}.Release|x64.ActiveCfg = Release|Any CPU
		{23B0FFFB-8D8D-4AE2-B216-EC30AD7685B3}.Release|x64.Build.0 = Release|Any CPU
		{23B0FFFB-8D8D-4AE2-B216-EC30AD7685B3}.Release|x86.ActiveCfg = Release|Any CPU
		{23B0FFFB-8D8D-4AE2-B216-EC30AD7685B3}.Release|x86.Build.0 = Release|Any CPU
		{CDCC2CE1-7056-4662-A7D2-9E0E2381071D}.Debug|Any CPU.ActiveCfg = Debug|Any CPU
		{CDCC2CE1-7056-4662-A7D2-9E0E2381071D}.Debug|Any CPU.Build.0 = Debug|Any CPU
		{CDCC2CE1-7056-4662-A7D2-9E0E2381071D}.Debug|x64.ActiveCfg = Debug|Any CPU
		{CDCC2CE1-7056-4662-A7D2-9E0E2381071D}.Debug|x64.Build.0 = Debug|Any CPU
		{CDCC2CE1-7056-4662-A7D2-9E0E2381071D}.Debug|x86.ActiveCfg = Debug|Any CPU
		{CDCC2CE1-7056-4662-A7D2-9E0E2381071D}.Debug|x86.Build.0 = Debug|Any CPU
		{CDCC2CE1-7056-4662-A7D2-9E0E2381071D}.Release|Any CPU.ActiveCfg = Release|Any CPU
		{CDCC2CE1-7056-4662-A7D2-9E0E2381071D}.Release|Any CPU.Build.0 = Release|Any CPU
		{CDCC2CE1-7056-4662-A7D2-9E0E2381071D}.Release|x64.ActiveCfg = Release|Any CPU
		{CDCC2CE1-7056-4662-A7D2-9E0E2381071D}.Release|x64.Build.0 = Release|Any CPU
		{CDCC2CE1-7056-4662-A7D2-9E0E2381071D}.Release|x86.ActiveCfg = Release|Any CPU
		{CDCC2CE1-7056-4662-A7D2-9E0E2381071D}.Release|x86.Build.0 = Release|Any CPU
		{B663C0F2-6D46-4164-B7A0-7F51AD6D4816}.Debug|Any CPU.ActiveCfg = Debug|Any CPU
		{B663C0F2-6D46-4164-B7A0-7F51AD6D4816}.Debug|Any CPU.Build.0 = Debug|Any CPU
		{B663C0F2-6D46-4164-B7A0-7F51AD6D4816}.Debug|x64.ActiveCfg = Debug|Any CPU
		{B663C0F2-6D46-4164-B7A0-7F51AD6D4816}.Debug|x64.Build.0 = Debug|Any CPU
		{B663C0F2-6D46-4164-B7A0-7F51AD6D4816}.Debug|x86.ActiveCfg = Debug|Any CPU
		{B663C0F2-6D46-4164-B7A0-7F51AD6D4816}.Debug|x86.Build.0 = Debug|Any CPU
		{B663C0F2-6D46-4164-B7A0-7F51AD6D4816}.Release|Any CPU.ActiveCfg = Release|Any CPU
		{B663C0F2-6D46-4164-B7A0-7F51AD6D4816}.Release|Any CPU.Build.0 = Release|Any CPU
		{B663C0F2-6D46-4164-B7A0-7F51AD6D4816}.Release|x64.ActiveCfg = Release|Any CPU
		{B663C0F2-6D46-4164-B7A0-7F51AD6D4816}.Release|x64.Build.0 = Release|Any CPU
		{B663C0F2-6D46-4164-B7A0-7F51AD6D4816}.Release|x86.ActiveCfg = Release|Any CPU
		{B663C0F2-6D46-4164-B7A0-7F51AD6D4816}.Release|x86.Build.0 = Release|Any CPU
		{472218E9-D0B3-4E22-B504-7C7629BFE377}.Debug|Any CPU.ActiveCfg = Debug|Any CPU
		{472218E9-D0B3-4E22-B504-7C7629BFE377}.Debug|Any CPU.Build.0 = Debug|Any CPU
		{472218E9-D0B3-4E22-B504-7C7629BFE377}.Debug|x64.ActiveCfg = Debug|Any CPU
		{472218E9-D0B3-4E22-B504-7C7629BFE377}.Debug|x64.Build.0 = Debug|Any CPU
		{472218E9-D0B3-4E22-B504-7C7629BFE377}.Debug|x86.ActiveCfg = Debug|Any CPU
		{472218E9-D0B3-4E22-B504-7C7629BFE377}.Debug|x86.Build.0 = Debug|Any CPU
		{472218E9-D0B3-4E22-B504-7C7629BFE377}.Release|Any CPU.ActiveCfg = Release|Any CPU
		{472218E9-D0B3-4E22-B504-7C7629BFE377}.Release|Any CPU.Build.0 = Release|Any CPU
		{472218E9-D0B3-4E22-B504-7C7629BFE377}.Release|x64.ActiveCfg = Release|Any CPU
		{472218E9-D0B3-4E22-B504-7C7629BFE377}.Release|x64.Build.0 = Release|Any CPU
		{472218E9-D0B3-4E22-B504-7C7629BFE377}.Release|x86.ActiveCfg = Release|Any CPU
		{472218E9-D0B3-4E22-B504-7C7629BFE377}.Release|x86.Build.0 = Release|Any CPU
		{470FE3D1-162E-4CDE-8FB1-82FD5043068D}.Debug|Any CPU.ActiveCfg = Debug|Any CPU
		{470FE3D1-162E-4CDE-8FB1-82FD5043068D}.Debug|Any CPU.Build.0 = Debug|Any CPU
		{470FE3D1-162E-4CDE-8FB1-82FD5043068D}.Debug|x64.ActiveCfg = Debug|Any CPU
		{470FE3D1-162E-4CDE-8FB1-82FD5043068D}.Debug|x64.Build.0 = Debug|Any CPU
		{470FE3D1-162E-4CDE-8FB1-82FD5043068D}.Debug|x86.ActiveCfg = Debug|Any CPU
		{470FE3D1-162E-4CDE-8FB1-82FD5043068D}.Debug|x86.Build.0 = Debug|Any CPU
		{470FE3D1-162E-4CDE-8FB1-82FD5043068D}.Release|Any CPU.ActiveCfg = Release|Any CPU
		{470FE3D1-162E-4CDE-8FB1-82FD5043068D}.Release|Any CPU.Build.0 = Release|Any CPU
		{470FE3D1-162E-4CDE-8FB1-82FD5043068D}.Release|x64.ActiveCfg = Release|Any CPU
		{470FE3D1-162E-4CDE-8FB1-82FD5043068D}.Release|x64.Build.0 = Release|Any CPU
		{470FE3D1-162E-4CDE-8FB1-82FD5043068D}.Release|x86.ActiveCfg = Release|Any CPU
		{470FE3D1-162E-4CDE-8FB1-82FD5043068D}.Release|x86.Build.0 = Release|Any CPU
		{89FE8175-2797-44E3-A640-85F02F64E628}.Debug|Any CPU.ActiveCfg = Debug|Any CPU
		{89FE8175-2797-44E3-A640-85F02F64E628}.Debug|Any CPU.Build.0 = Debug|Any CPU
		{89FE8175-2797-44E3-A640-85F02F64E628}.Debug|x64.ActiveCfg = Debug|Any CPU
		{89FE8175-2797-44E3-A640-85F02F64E628}.Debug|x64.Build.0 = Debug|Any CPU
		{89FE8175-2797-44E3-A640-85F02F64E628}.Debug|x86.ActiveCfg = Debug|Any CPU
		{89FE8175-2797-44E3-A640-85F02F64E628}.Debug|x86.Build.0 = Debug|Any CPU
		{89FE8175-2797-44E3-A640-85F02F64E628}.Release|Any CPU.ActiveCfg = Release|Any CPU
		{89FE8175-2797-44E3-A640-85F02F64E628}.Release|Any CPU.Build.0 = Release|Any CPU
		{89FE8175-2797-44E3-A640-85F02F64E628}.Release|x64.ActiveCfg = Release|Any CPU
		{89FE8175-2797-44E3-A640-85F02F64E628}.Release|x64.Build.0 = Release|Any CPU
		{89FE8175-2797-44E3-A640-85F02F64E628}.Release|x86.ActiveCfg = Release|Any CPU
		{89FE8175-2797-44E3-A640-85F02F64E628}.Release|x86.Build.0 = Release|Any CPU
		{001C271D-9897-4A58-8398-84CAC1BE0ADB}.Debug|Any CPU.ActiveCfg = Debug|Any CPU
		{001C271D-9897-4A58-8398-84CAC1BE0ADB}.Debug|Any CPU.Build.0 = Debug|Any CPU
		{001C271D-9897-4A58-8398-84CAC1BE0ADB}.Debug|x64.ActiveCfg = Debug|Any CPU
		{001C271D-9897-4A58-8398-84CAC1BE0ADB}.Debug|x64.Build.0 = Debug|Any CPU
		{001C271D-9897-4A58-8398-84CAC1BE0ADB}.Debug|x86.ActiveCfg = Debug|Any CPU
		{001C271D-9897-4A58-8398-84CAC1BE0ADB}.Debug|x86.Build.0 = Debug|Any CPU
		{001C271D-9897-4A58-8398-84CAC1BE0ADB}.Release|Any CPU.ActiveCfg = Release|Any CPU
		{001C271D-9897-4A58-8398-84CAC1BE0ADB}.Release|Any CPU.Build.0 = Release|Any CPU
		{001C271D-9897-4A58-8398-84CAC1BE0ADB}.Release|x64.ActiveCfg = Release|Any CPU
		{001C271D-9897-4A58-8398-84CAC1BE0ADB}.Release|x64.Build.0 = Release|Any CPU
		{001C271D-9897-4A58-8398-84CAC1BE0ADB}.Release|x86.ActiveCfg = Release|Any CPU
		{001C271D-9897-4A58-8398-84CAC1BE0ADB}.Release|x86.Build.0 = Release|Any CPU
	EndGlobalSection
	GlobalSection(SolutionProperties) = preSolution
		HideSolutionNode = FALSE
	EndGlobalSection
	GlobalSection(NestedProjects) = preSolution
		{E24D21B7-ED4F-4AA9-92F3-85D874EA0345} = {996CEBED-A05B-5D42-3FF0-982E087A2599}
		{4B3FE460-E5E0-404F-A2B7-E5699560ADE9} = {996CEBED-A05B-5D42-3FF0-982E087A2599}
		{B3285A31-AD3B-488A-BFF2-01F2B54ACF21} = {996CEBED-A05B-5D42-3FF0-982E087A2599}
		{9BF071D5-BF5E-4CAA-9A41-EC9F8566C042} = {996CEBED-A05B-5D42-3FF0-982E087A2599}
		{F290D83D-1F7E-41FB-9F1C-6AFB6A908C82} = {996CEBED-A05B-5D42-3FF0-982E087A2599}
		{43059E46-A3D2-45B8-9E9A-F1CED8E277A7} = {996CEBED-A05B-5D42-3FF0-982E087A2599}
		{F33C5020-1853-4845-980E-A4B2E34E8D0A} = {A74F262E-BDE7-D5D2-89E9-785413424D0A}
		{45523A86-304D-45C0-A89C-248B473A397F} = {A74F262E-BDE7-D5D2-89E9-785413424D0A}
		{FA6D9603-E908-4823-925E-6CFA2E31DC67} = {A74F262E-BDE7-D5D2-89E9-785413424D0A}
		{B257208B-F382-469D-BFA5-5CE4069C55AD} = {A74F262E-BDE7-D5D2-89E9-785413424D0A}
		{A9BD5CE9-8DC2-48C0-B55E-CDB9F71F07B7} = {A74F262E-BDE7-D5D2-89E9-785413424D0A}
		{7B87D00F-F153-40FE-AF8D-DA5C9A8EE687} = {A74F262E-BDE7-D5D2-89E9-785413424D0A}
		{D40E2018-2B9A-4426-9CA8-88467587FF31} = {DFEE68D8-A7D0-1A41-506C-9B74AA9A7B7B}
		{4D749F56-3229-43BA-B10F-19E182A26D3F} = {DFEE68D8-A7D0-1A41-506C-9B74AA9A7B7B}
		{9000869F-4D1E-4E00-867F-3B05A3F8D63F} = {DFEE68D8-A7D0-1A41-506C-9B74AA9A7B7B}
		{81D463EA-2BAB-4D98-813A-ACEF0977C35F} = {D82C56D6-B2CD-F611-9E31-04638F7EC30E}
		{6AB34EE2-2D6D-4D5C-B117-497EF2A1E193} = {D82C56D6-B2CD-F611-9E31-04638F7EC30E}
		{D3AE48F0-8C81-48A5-83ED-F7D0D716974B} = {06CFFD70-14AA-A959-A3BA-1B15D094E3B1}
		{23B0FFFB-8D8D-4AE2-B216-EC30AD7685B3} = {06CFFD70-14AA-A959-A3BA-1B15D094E3B1}
	EndGlobalSection
EndGlobal
